
Microsoft Visual Studio Solution File, Format Version 12.00
# Visual Studio 15
VisualStudioVersion = 15.0.28307.136
MinimumVisualStudioVersion = 10.0.40219.1
Project("{8BC9CEB8-8B4A-11D0-8D11-00A0C91BC942}") = "LinkedListPractice", "LinkedListPractice\LinkedListPractice.vcxproj", "{75D85D82-1AAE-4D2D-A7EE-91A38781581B}"
EndProject
Project("{8BC9CEB8-8B4A-11D0-8D11-00A0C91BC942}") = "DoublyLinkedListPractice", "DoublyLinkedListPractice\DoublyLinkedListPractice.vcxproj", "{836162CC-44A5-4EDD-B980-C512875DC3B7}"
EndProject
Project("{8BC9CEB8-8B4A-11D0-8D11-00A0C91BC942}") = "Stacks", "Stacks\Stacks.vcxproj", "{CA7BB11B-E4BD-4D10-8154-FEF1461005B8}"
EndProject
Global
	GlobalSection(SolutionConfigurationPlatforms) = preSolution
		Debug|x64 = Debug|x64
		Debug|x86 = Debug|x86
		Release|x64 = Release|x64
		Release|x86 = Release|x86
	EndGlobalSection
	GlobalSection(ProjectConfigurationPlatforms) = postSolution
		{75D85D82-1AAE-4D2D-A7EE-91A38781581B}.Debug|x64.ActiveCfg = Debug|x64
		{75D85D82-1AAE-4D2D-A7EE-91A38781581B}.Debug|x64.Build.0 = Debug|x64
		{75D85D82-1AAE-4D2D-A7EE-91A38781581B}.Debug|x86.ActiveCfg = Debug|Win32
		{75D85D82-1AAE-4D2D-A7EE-91A38781581B}.Debug|x86.Build.0 = Debug|Win32
		{75D85D82-1AAE-4D2D-A7EE-91A38781581B}.Release|x64.ActiveCfg = Release|x64
		{75D85D82-1AAE-4D2D-A7EE-91A38781581B}.Release|x64.Build.0 = Release|x64
		{75D85D82-1AAE-4D2D-A7EE-91A38781581B}.Release|x86.ActiveCfg = Release|Win32
		{75D85D82-1AAE-4D2D-A7EE-91A38781581B}.Release|x86.Build.0 = Release|Win32
		{836162CC-44A5-4EDD-B980-C512875DC3B7}.Debug|x64.ActiveCfg = Debug|x64
		{836162CC-44A5-4EDD-B980-C512875DC3B7}.Debug|x64.Build.0 = Debug|x64
		{836162CC-44A5-4EDD-B980-C512875DC3B7}.Debug|x86.ActiveCfg = Debug|Win32
		{836162CC-44A5-4EDD-B980-C512875DC3B7}.Debug|x86.Build.0 = Debug|Win32
		{836162CC-44A5-4EDD-B980-C512875DC3B7}.Release|x64.ActiveCfg = Release|x64
		{836162CC-44A5-4EDD-B980-C512875DC3B7}.Release|x64.Build.0 = Release|x64
		{836162CC-44A5-4EDD-B980-C512875DC3B7}.Release|x86.ActiveCfg = Release|Win32
		{836162CC-44A5-4EDD-B980-C512875DC3B7}.Release|x86.Build.0 = Release|Win32
		{CA7BB11B-E4BD-4D10-8154-FEF1461005B8}.Debug|x64.ActiveCfg = Debug|x64
		{CA7BB11B-E4BD-4D10-8154-FEF1461005B8}.Debug|x64.Build.0 = Debug|x64
		{CA7BB11B-E4BD-4D10-8154-FEF1461005B8}.Debug|x86.ActiveCfg = Debug|Win32
		{CA7BB11B-E4BD-4D10-8154-FEF1461005B8}.Debug|x86.Build.0 = Debug|Win32
		{CA7BB11B-E4BD-4D10-8154-FEF1461005B8}.Release|x64.ActiveCfg = Release|x64
		{CA7BB11B-E4BD-4D10-8154-FEF1461005B8}.Release|x64.Build.0 = Release|x64
		{CA7BB11B-E4BD-4D10-8154-FEF1461005B8}.Release|x86.ActiveCfg = Release|Win32
		{CA7BB11B-E4BD-4D10-8154-FEF1461005B8}.Release|x86.Build.0 = Release|Win32
	EndGlobalSection
	GlobalSection(SolutionProperties) = preSolution
		HideSolutionNode = FALSE
	EndGlobalSection
	GlobalSection(ExtensibilityGlobals) = postSolution
		SolutionGuid = {77277404-B3D5-4BE4-ACB7-F5F5A4F50545}
	EndGlobalSection
EndGlobal
